
Microsoft Visual Studio Solution File, Format Version 12.00
# Visual Studio Version 17
VisualStudioVersion = 17.13.35825.156 d17.13
MinimumVisualStudioVersion = 10.0.40219.1
Project("{8BC9CEB8-8B4A-11D0-8D11-00A0C91BC942}") = "Chp 6", "Chp 6.vcxproj", "{94679E2E-7928-4DDD-89C1-142E8B048F04}"
EndProject
Global
	GlobalSection(SolutionConfigurationPlatforms) = preSolution
		Debug|x64 = Debug|x64
		Debug|x86 = Debug|x86
		Release|x64 = Release|x64
		Release|x86 = Release|x86
	EndGlobalSection
	GlobalSection(ProjectConfigurationPlatforms) = postSolution
		{94679E2E-7928-4DDD-89C1-142E8B048F04}.Debug|x64.ActiveCfg = Debug|x64
		{94679E2E-7928-4DDD-89C1-142E8B048F04}.Debug|x64.Build.0 = Debug|x64
		{94679E2E-7928-4DDD-89C1-142E8B048F04}.Debug|x86.ActiveCfg = Debug|Win32
		{94679E2E-7928-4DDD-89C1-142E8B048F04}.Debug|x86.Build.0 = Debug|Win32
		{94679E2E-7928-4DDD-89C1-142E8B048F04}.Release|x64.ActiveCfg = Release|x64
		{94679E2E-7928-4DDD-89C1-142E8B048F04}.Release|x64.Build.0 = Release|x64
		{94679E2E-7928-4DDD-89C1-142E8B048F04}.Release|x86.ActiveCfg = Release|Win32
		{94679E2E-7928-4DDD-89C1-142E8B048F04}.Release|x86.Build.0 = Release|Win32
	EndGlobalSection
	GlobalSection(SolutionProperties) = preSolution
		HideSolutionNode = FALSE
	EndGlobalSection
	GlobalSection(ExtensibilityGlobals) = postSolution
		SolutionGuid = {8502228E-F88F-4820-B550-5568A8E69931}
	EndGlobalSection
EndGlobal
